{
  "pins" : [
    {
      "identity" : "magickit",
      "kind" : "remoteSourceControl",
      "location" : "https://github.com/CofficLab/MagicKit.git",
      "state" : {
        "revision" : "389f8efecc0f16058f125de5c247f9fbee727c06",
        "version" : "1.0.4"
      }
    }
  ],
  "version" : 2
}
